Microsoft Visual Studio Solution File, Format Version 12.00
# Visual Studio Version 17
VisualStudioVersion = 17.5.2.0
MinimumVisualStudioVersion = 10.0.40219.1
Project("{FAE04EC0-301F-11D3-BF4B-00C04F79EFBC}") = "WeatherApiToBlobLab", "WeatherApiToBlobLab.csproj", "{B1AB6BAE-6C67-693C-9F04-3B99C0113733}"
EndProject
Global
	GlobalSection(SolutionConfigurationPlatforms) = preSolution
		Debug|Any CPU = Debug|Any CPU
		Release|Any CPU = Release|Any CPU
	EndGlobalSection
	GlobalSection(ProjectConfigurationPlatforms) = postSolution
		{B1AB6BAE-6C67-693C-9F04-3B99C0113733}.Debug|Any CPU.ActiveCfg = Debug|Any CPU
		{B1AB6BAE-6C67-693C-9F04-3B99C0113733}.Debug|Any CPU.Build.0 = Debug|Any CPU
		{B1AB6BAE-6C67-693C-9F04-3B99C0113733}.Release|Any CPU.ActiveCfg = Release|Any CPU
		{B1AB6BAE-6C67-693C-9F04-3B99C0113733}.Release|Any CPU.Build.0 = Release|Any CPU
	EndGlobalSection
	GlobalSection(SolutionProperties) = preSolution
		HideSolutionNode = FALSE
	EndGlobalSection
	GlobalSection(ExtensibilityGlobals) = postSolution
		SolutionGuid = {203EB77D-3AA1-49DE-AE75-CEDDA4B649E1}
	EndGlobalSection
EndGlobal
